
Microsoft Visual Studio Solution File, Format Version 12.00
# Visual Studio Version 17
VisualStudioVersion = 17.14.36705.20
MinimumVisualStudioVersion = 10.0.40219.1
Project("{FAE04EC0-301F-11D3-BF4B-00C04F79EFBC}") = "TodoApp.UI", "TodoApp.UI\TodoApp.UI.csproj", "{3A3E2958-667B-4F3D-AA3D-45B9F1F56916}"
EndProject
Project("{FAE04EC0-301F-11D3-BF4B-00C04F79EFBC}") = "TodoApp.DAL", "TodoApp.DAL\TodoApp.DAL.csproj", "{96F05DBE-0BBB-46DD-87A5-BD80A6A40061}"
EndProject
Project("{FAE04EC0-301F-11D3-BF4B-00C04F79EFBC}") = "TodoApp.BLL", "TodoApp.BLL\TodoApp.BLL.csproj", "{6104F9BD-73C7-4B6E-955F-2452D65AD11D}"
EndProject
Project("{C7167F0D-BC9F-4E6E-AFE1-012C56B48DB5}") = "TodoApp.Package", "TodoApp.Package\TodoApp.Package.wapproj", "{A9A2E2B4-E44F-45D8-8D5A-43ADEB5C0DDD}"
EndProject
Global
	GlobalSection(SolutionConfigurationPlatforms) = preSolution
		Debug|Any CPU = Debug|Any CPU
		Debug|ARM = Debug|ARM
		Debug|ARM64 = Debug|ARM64
		Debug|x64 = Debug|x64
		Debug|x86 = Debug|x86
		Release|Any CPU = Release|Any CPU
		Release|ARM = Release|ARM
		Release|ARM64 = Release|ARM64
		Release|x64 = Release|x64
		Release|x86 = Release|x86
	EndGlobalSection
	GlobalSection(ProjectConfigurationPlatforms) = postSolution
		{3A3E2958-667B-4F3D-AA3D-45B9F1F56916}.Debug|Any CPU.ActiveCfg = Debug|Any CPU
		{3A3E2958-667B-4F3D-AA3D-45B9F1F56916}.Debug|Any CPU.Build.0 = Debug|Any CPU
		{3A3E2958-667B-4F3D-AA3D-45B9F1F56916}.Debug|ARM.ActiveCfg = Debug|Any CPU
		{3A3E2958-667B-4F3D-AA3D-45B9F1F56916}.Debug|ARM.Build.0 = Debug|Any CPU
		{3A3E2958-667B-4F3D-AA3D-45B9F1F56916}.Debug|ARM64.ActiveCfg = Debug|Any CPU
		{3A3E2958-667B-4F3D-AA3D-45B9F1F56916}.Debug|ARM64.Build.0 = Debug|Any CPU
		{3A3E2958-667B-4F3D-AA3D-45B9F1F56916}.Debug|x64.ActiveCfg = Debug|Any CPU
		{3A3E2958-667B-4F3D-AA3D-45B9F1F56916}.Debug|x64.Build.0 = Debug|Any CPU
		{3A3E2958-667B-4F3D-AA3D-45B9F1F56916}.Debug|x86.ActiveCfg = Debug|Any CPU
		{3A3E2958-667B-4F3D-AA3D-45B9F1F56916}.Debug|x86.Build.0 = Debug|Any CPU
		{3A3E2958-667B-4F3D-AA3D-45B9F1F56916}.Release|Any CPU.ActiveCfg = Release|Any CPU
		{3A3E2958-667B-4F3D-AA3D-45B9F1F56916}.Release|Any CPU.Build.0 = Release|Any CPU
		{3A3E2958-667B-4F3D-AA3D-45B9F1F56916}.Release|ARM.ActiveCfg = Release|Any CPU
		{3A3E2958-667B-4F3D-AA3D-45B9F1F56916}.Release|ARM.Build.0 = Release|Any CPU
		{3A3E2958-667B-4F3D-AA3D-45B9F1F56916}.Release|ARM64.ActiveCfg = Release|Any CPU
		{3A3E2958-667B-4F3D-AA3D-45B9F1F56916}.Release|ARM64.Build.0 = Release|Any CPU
		{3A3E2958-667B-4F3D-AA3D-45B9F1F56916}.Release|x64.ActiveCfg = Release|Any CPU
		{3A3E2958-667B-4F3D-AA3D-45B9F1F56916}.Release|x64.Build.0 = Release|Any CPU
		{3A3E2958-667B-4F3D-AA3D-45B9F1F56916}.Release|x86.ActiveCfg = Release|Any CPU
		{3A3E2958-667B-4F3D-AA3D-45B9F1F56916}.Release|x86.Build.0 = Release|Any CPU
		{96F05DBE-0BBB-46DD-87A5-BD80A6A40061}.Debug|Any CPU.ActiveCfg = Debug|Any CPU
		{96F05DBE-0BBB-46DD-87A5-BD80A6A40061}.Debug|Any CPU.Build.0 = Debug|Any CPU
		{96F05DBE-0BBB-46DD-87A5-BD80A6A40061}.Debug|ARM.ActiveCfg = Debug|Any CPU
		{96F05DBE-0BBB-46DD-87A5-BD80A6A40061}.Debug|ARM.Build.0 = Debug|Any CPU
		{96F05DBE-0BBB-46DD-87A5-BD80A6A40061}.Debug|ARM64.ActiveCfg = Debug|Any CPU
		{96F05DBE-0BBB-46DD-87A5-BD80A6A40061}.Debug|ARM64.Build.0 = Debug|Any CPU
		{96F05DBE-0BBB-46DD-87A5-BD80A6A40061}.Debug|x64.ActiveCfg = Debug|Any CPU
		{96F05DBE-0BBB-46DD-87A5-BD80A6A40061}.Debug|x64.Build.0 = Debug|Any CPU
		{96F05DBE-0BBB-46DD-87A5-BD80A6A40061}.Debug|x86.ActiveCfg = Debug|Any CPU
		{96F05DBE-0BBB-46DD-87A5-BD80A6A40061}.Debug|x86.Build.0 = Debug|Any CPU
		{96F05DBE-0BBB-46DD-87A5-BD80A6A40061}.Release|Any CPU.ActiveCfg = Release|Any CPU
		{96F05DBE-0BBB-46DD-87A5-BD80A6A40061}.Release|Any CPU.Build.0 = Release|Any CPU
		{96F05DBE-0BBB-46DD-87A5-BD80A6A40061}.Release|ARM.ActiveCfg = Release|Any CPU
		{96F05DBE-0BBB-46DD-87A5-BD80A6A40061}.Release|ARM.Build.0 = Release|Any CPU
		{96F05DBE-0BBB-46DD-87A5-BD80A6A40061}.Release|ARM64.ActiveCfg = Release|Any CPU
		{96F05DBE-0BBB-46DD-87A5-BD80A6A40061}.Release|ARM64.Build.0 = Release|Any CPU
		{96F05DBE-0BBB-46DD-87A5-BD80A6A40061}.Release|x64.ActiveCfg = Release|Any CPU
		{96F05DBE-0BBB-46DD-87A5-BD80A6A40061}.Release|x64.Build.0 = Release|Any CPU
		{96F05DBE-0BBB-46DD-87A5-BD80A6A40061}.Release|x86.ActiveCfg = Release|Any CPU
		{96F05DBE-0BBB-46DD-87A5-BD80A6A40061}.Release|x86.Build.0 = Release|Any CPU
		{6104F9BD-73C7-4B6E-955F-2452D65AD11D}.Debug|Any CPU.ActiveCfg = Debug|Any CPU
		{6104F9BD-73C7-4B6E-955F-2452D65AD11D}.Debug|Any CPU.Build.0 = Debug|Any CPU
		{6104F9BD-73C7-4B6E-955F-2452D65AD11D}.Debug|ARM.ActiveCfg = Debug|Any CPU
		{6104F9BD-73C7-4B6E-955F-2452D65AD11D}.Debug|ARM.Build.0 = Debug|Any CPU
		{6104F9BD-73C7-4B6E-955F-2452D65AD11D}.Debug|ARM64.ActiveCfg = Debug|Any CPU
		{6104F9BD-73C7-4B6E-955F-2452D65AD11D}.Debug|ARM64.Build.0 = Debug|Any CPU
		{6104F9BD-73C7-4B6E-955F-2452D65AD11D}.Debug|x64.ActiveCfg = Debug|Any CPU
		{6104F9BD-73C7-4B6E-955F-2452D65AD11D}.Debug|x64.Build.0 = Debug|Any CPU
		{6104F9BD-73C7-4B6E-955F-2452D65AD11D}.Debug|x86.ActiveCfg = Debug|Any CPU
		{6104F9BD-73C7-4B6E-955F-2452D65AD11D}.Debug|x86.Build.0 = Debug|Any CPU
		{6104F9BD-73C7-4B6E-955F-2452D65AD11D}.Release|Any CPU.ActiveCfg = Release|Any CPU
		{6104F9BD-73C7-4B6E-955F-2452D65AD11D}.Release|Any CPU.Build.0 = Release|Any CPU
		{6104F9BD-73C7-4B6E-955F-2452D65AD11D}.Release|ARM.ActiveCfg = Release|Any CPU
		{6104F9BD-73C7-4B6E-955F-2452D65AD11D}.Release|ARM.Build.0 = Release|Any CPU
		{6104F9BD-73C7-4B6E-955F-2452D65AD11D}.Release|ARM64.ActiveCfg = Release|Any CPU
		{6104F9BD-73C7-4B6E-955F-2452D65AD11D}.Release|ARM64.Build.0 = Release|Any CPU
		{6104F9BD-73C7-4B6E-955F-2452D65AD11D}.Release|x64.ActiveCfg = Release|Any CPU
		{6104F9BD-73C7-4B6E-955F-2452D65AD11D}.Release|x64.Build.0 = Release|Any CPU
		{6104F9BD-73C7-4B6E-955F-2452D65AD11D}.Release|x86.ActiveCfg = Release|Any CPU
		{6104F9BD-73C7-4B6E-955F-2452D65AD11D}.Release|x86.Build.0 = Release|Any CPU
		{A9A2E2B4-E44F-45D8-8D5A-43ADEB5C0DDD}.Debug|Any CPU.ActiveCfg = Debug|Any CPU
		{A9A2E2B4-E44F-45D8-8D5A-43ADEB5C0DDD}.Debug|Any CPU.Build.0 = Debug|Any CPU
		{A9A2E2B4-E44F-45D8-8D5A-43ADEB5C0DDD}.Debug|Any CPU.Deploy.0 = Debug|Any CPU
		{A9A2E2B4-E44F-45D8-8D5A-43ADEB5C0DDD}.Debug|ARM.ActiveCfg = Debug|ARM
		{A9A2E2B4-E44F-45D8-8D5A-43ADEB5C0DDD}.Debug|ARM.Build.0 = Debug|ARM
		{A9A2E2B4-E44F-45D8-8D5A-43ADEB5C0DDD}.Debug|ARM.Deploy.0 = Debug|ARM
		{A9A2E2B4-E44F-45D8-8D5A-43ADEB5C0DDD}.Debug|ARM64.ActiveCfg = Debug|ARM64
		{A9A2E2B4-E44F-45D8-8D5A-43ADEB5C0DDD}.Debug|ARM64.Build.0 = Debug|ARM64
		{A9A2E2B4-E44F-45D8-8D5A-43ADEB5C0DDD}.Debug|ARM64.Deploy.0 = Debug|ARM64
		{A9A2E2B4-E44F-45D8-8D5A-43ADEB5C0DDD}.Debug|x64.ActiveCfg = Debug|x64
		{A9A2E2B4-E44F-45D8-8D5A-43ADEB5C0DDD}.Debug|x64.Build.0 = Debug|x64
		{A9A2E2B4-E44F-45D8-8D5A-43ADEB5C0DDD}.Debug|x64.Deploy.0 = Debug|x64
		{A9A2E2B4-E44F-45D8-8D5A-43ADEB5C0DDD}.Debug|x86.ActiveCfg = Debug|x86
		{A9A2E2B4-E44F-45D8-8D5A-43ADEB5C0DDD}.Debug|x86.Build.0 = Debug|x86
		{A9A2E2B4-E44F-45D8-8D5A-43ADEB5C0DDD}.Debug|x86.Deploy.0 = Debug|x86
		{A9A2E2B4-E44F-45D8-8D5A-43ADEB5C0DDD}.Release|Any CPU.ActiveCfg = Release|Any CPU
		{A9A2E2B4-E44F-45D8-8D5A-43ADEB5C0DDD}.Release|Any CPU.Build.0 = Release|Any CPU
		{A9A2E2B4-E44F-45D8-8D5A-43ADEB5C0DDD}.Release|Any CPU.Deploy.0 = Release|Any CPU
		{A9A2E2B4-E44F-45D8-8D5A-43ADEB5C0DDD}.Release|ARM.ActiveCfg = Release|ARM
		{A9A2E2B4-E44F-45D8-8D5A-43ADEB5C0DDD}.Release|ARM.Build.0 = Release|ARM
		{A9A2E2B4-E44F-45D8-8D5A-43ADEB5C0DDD}.Release|ARM.Deploy.0 = Release|ARM
		{A9A2E2B4-E44F-45D8-8D5A-43ADEB5C0DDD}.Release|ARM64.ActiveCfg = Release|ARM64
		{A9A2E2B4-E44F-45D8-8D5A-43ADEB5C0DDD}.Release|ARM64.Build.0 = Release|ARM64
		{A9A2E2B4-E44F-45D8-8D5A-43ADEB5C0DDD}.Release|ARM64.Deploy.0 = Release|ARM64
		{A9A2E2B4-E44F-45D8-8D5A-43ADEB5C0DDD}.Release|x64.ActiveCfg = Release|x64
		{A9A2E2B4-E44F-45D8-8D5A-43ADEB5C0DDD}.Release|x64.Build.0 = Release|x64
		{A9A2E2B4-E44F-45D8-8D5A-43ADEB5C0DDD}.Release|x64.Deploy.0 = Release|x64
		{A9A2E2B4-E44F-45D8-8D5A-43ADEB5C0DDD}.Release|x86.ActiveCfg = Release|x86
		{A9A2E2B4-E44F-45D8-8D5A-43ADEB5C0DDD}.Release|x86.Build.0 = Release|x86
		{A9A2E2B4-E44F-45D8-8D5A-43ADEB5C0DDD}.Release|x86.Deploy.0 = Release|x86
	EndGlobalSection
	GlobalSection(SolutionProperties) = preSolution
		HideSolutionNode = FALSE
	EndGlobalSection
	GlobalSection(ExtensibilityGlobals) = postSolution
		SolutionGuid = {D599A8F2-3DA0-4BC5-94D6-EE434B885DB3}
	EndGlobalSection
EndGlobal
